
Microsoft Visual Studio Solution File, Format Version 12.00
# Visual Studio 2013
VisualStudioVersion = 12.0.21005.1
MinimumVisualStudioVersion = 10.0.40219.1
Project("{FAE04EC0-301F-11D3-BF4B-00C04F79EFBC}") = "cheats", "cheats.csproj", "{C431CC51-515E-4B28-A150-8BD3147376D0}"
EndProject
Project("{FAE04EC0-301F-11D3-BF4B-00C04F79EFBC}") = "tests", "tests\tests.csproj", "{C7B436FF-3C40-4966-9BAE-7BCC1784A0DE}"
EndProject
Global
	GlobalSection(SolutionConfigurationPlatforms) = preSolution
		Debug|Any CPU = Debug|Any CPU
		Release|Any CPU = Release|Any CPU
	EndGlobalSection
	GlobalSection(ProjectConfigurationPlatforms) = postSolution
		{C431CC51-515E-4B28-A150-8BD3147376D0}.Debug|Any CPU.ActiveCfg = Debug|Any CPU
		{C431CC51-515E-4B28-A150-8BD3147376D0}.Debug|Any CPU.Build.0 = Debug|Any CPU
		{C431CC51-515E-4B28-A150-8BD3147376D0}.Release|Any CPU.ActiveCfg = Release|Any CPU
		{C431CC51-515E-4B28-A150-8BD3147376D0}.Release|Any CPU.Build.0 = Release|Any CPU
		{C7B436FF-3C40-4966-9BAE-7BCC1784A0DE}.Debug|Any CPU.ActiveCfg = Debug|Any CPU
		{C7B436FF-3C40-4966-9BAE-7BCC1784A0DE}.Debug|Any CPU.Build.0 = Debug|Any CPU
		{C7B436FF-3C40-4966-9BAE-7BCC1784A0DE}.Release|Any CPU.ActiveCfg = Release|Any CPU
		{C7B436FF-3C40-4966-9BAE-7BCC1784A0DE}.Release|Any CPU.Build.0 = Release|Any CPU
	EndGlobalSection
	GlobalSection(SolutionProperties) = preSolution
		HideSolutionNode = FALSE
	EndGlobalSection
EndGlobal
